
Microsoft Visual Studio Solution File, Format Version 12.00
# Visual Studio 2012
Project("{FAE04EC0-301F-11D3-BF4B-00C04F79EFBC}") = "LibRedSharp", "LibRedSharp\LibRedSharp.csproj", "{0980363D-C866-4041-AEDE-3EB78E299721}"
EndProject
Project("{FAE04EC0-301F-11D3-BF4B-00C04F79EFBC}") = "LibRedSharpTest", "LibRedSharpTest\LibRedSharpTest.csproj", "{9B680450-F5C8-4E71-A5B9-5CBEDF80E58E}"
EndProject
Global
	GlobalSection(SolutionConfigurationPlatforms) = preSolution
		Debug|Any CPU = Debug|Any CPU
		Release|Any CPU = Release|Any CPU
	EndGlobalSection
	GlobalSection(ProjectConfigurationPlatforms) = postSolution
		{0980363D-C866-4041-AEDE-3EB78E299721}.Debug|Any CPU.ActiveCfg = Debug|Any CPU
		{0980363D-C866-4041-AEDE-3EB78E299721}.Debug|Any CPU.Build.0 = Debug|Any CPU
		{0980363D-C866-4041-AEDE-3EB78E299721}.Release|Any CPU.ActiveCfg = Release|Any CPU
		{0980363D-C866-4041-AEDE-3EB78E299721}.Release|Any CPU.Build.0 = Release|Any CPU
		{9B680450-F5C8-4E71-A5B9-5CBEDF80E58E}.Debug|Any CPU.ActiveCfg = Debug|Any CPU
		{9B680450-F5C8-4E71-A5B9-5CBEDF80E58E}.Debug|Any CPU.Build.0 = Debug|Any CPU
		{9B680450-F5C8-4E71-A5B9-5CBEDF80E58E}.Release|Any CPU.ActiveCfg = Release|Any CPU
		{9B680450-F5C8-4E71-A5B9-5CBEDF80E58E}.Release|Any CPU.Build.0 = Release|Any CPU
	EndGlobalSection
	GlobalSection(SolutionProperties) = preSolution
		HideSolutionNode = FALSE
	EndGlobalSection
EndGlobal
